
Microsoft Visual Studio Solution File, Format Version 12.00
Project("{FAE04EC0-301F-11D3-BF4B-00C04F79EFBC}") = "rdp-portal", "rdp-portal.csproj", "{6C4D655E-4C37-4E07-87E0-A4EB9DCAA651}"
EndProject
Global
	GlobalSection(SolutionConfigurationPlatforms) = preSolution
		Debug|Any CPU = Debug|Any CPU
		Release|Any CPU = Release|Any CPU
	EndGlobalSection
	GlobalSection(ProjectConfigurationPlatforms) = postSolution
		{6C4D655E-4C37-4E07-87E0-A4EB9DCAA651}.Debug|Any CPU.ActiveCfg = Debug|Any CPU
		{6C4D655E-4C37-4E07-87E0-A4EB9DCAA651}.Debug|Any CPU.Build.0 = Debug|Any CPU
		{6C4D655E-4C37-4E07-87E0-A4EB9DCAA651}.Release|Any CPU.ActiveCfg = Release|Any CPU
		{6C4D655E-4C37-4E07-87E0-A4EB9DCAA651}.Release|Any CPU.Build.0 = Release|Any CPU
	EndGlobalSection
EndGlobal
